
Microsoft Visual Studio Solution File, Format Version 12.00
# Visual Studio 15
VisualStudioVersion = 15.0.26124.0
MinimumVisualStudioVersion = 15.0.26124.0
Project("{FAE04EC0-301F-11D3-BF4B-00C04F79EFBC}") = "Main", "Main\Main.csproj", "{CC1E39F2-84D1-4825-9A99-39FE49B11504}"
EndProject
Project("{FAE04EC0-301F-11D3-BF4B-00C04F79EFBC}") = "Gpio", "Gpio\Gpio.csproj", "{8630D3FF-1058-44A3-83CC-799DCD0AEFD9}"
EndProject
Global
	GlobalSection(SolutionConfigurationPlatforms) = preSolution
		Debug|Any CPU = Debug|Any CPU
		Debug|x64 = Debug|x64
		Debug|x86 = Debug|x86
		Release|Any CPU = Release|Any CPU
		Release|x64 = Release|x64
		Release|x86 = Release|x86
	EndGlobalSection
	GlobalSection(SolutionProperties) = preSolution
		HideSolutionNode = FALSE
	EndGlobalSection
	GlobalSection(ProjectConfigurationPlatforms) = postSolution
		{CC1E39F2-84D1-4825-9A99-39FE49B11504}.Debug|Any CPU.ActiveCfg = Debug|Any CPU
		{CC1E39F2-84D1-4825-9A99-39FE49B11504}.Debug|Any CPU.Build.0 = Debug|Any CPU
		{CC1E39F2-84D1-4825-9A99-39FE49B11504}.Debug|x64.ActiveCfg = Debug|Any CPU
		{CC1E39F2-84D1-4825-9A99-39FE49B11504}.Debug|x64.Build.0 = Debug|Any CPU
		{CC1E39F2-84D1-4825-9A99-39FE49B11504}.Debug|x86.ActiveCfg = Debug|Any CPU
		{CC1E39F2-84D1-4825-9A99-39FE49B11504}.Debug|x86.Build.0 = Debug|Any CPU
		{CC1E39F2-84D1-4825-9A99-39FE49B11504}.Release|Any CPU.ActiveCfg = Release|Any CPU
		{CC1E39F2-84D1-4825-9A99-39FE49B11504}.Release|Any CPU.Build.0 = Release|Any CPU
		{CC1E39F2-84D1-4825-9A99-39FE49B11504}.Release|x64.ActiveCfg = Release|Any CPU
		{CC1E39F2-84D1-4825-9A99-39FE49B11504}.Release|x64.Build.0 = Release|Any CPU
		{CC1E39F2-84D1-4825-9A99-39FE49B11504}.Release|x86.ActiveCfg = Release|Any CPU
		{CC1E39F2-84D1-4825-9A99-39FE49B11504}.Release|x86.Build.0 = Release|Any CPU
		{8630D3FF-1058-44A3-83CC-799DCD0AEFD9}.Debug|Any CPU.ActiveCfg = Debug|Any CPU
		{8630D3FF-1058-44A3-83CC-799DCD0AEFD9}.Debug|Any CPU.Build.0 = Debug|Any CPU
		{8630D3FF-1058-44A3-83CC-799DCD0AEFD9}.Debug|x64.ActiveCfg = Debug|Any CPU
		{8630D3FF-1058-44A3-83CC-799DCD0AEFD9}.Debug|x64.Build.0 = Debug|Any CPU
		{8630D3FF-1058-44A3-83CC-799DCD0AEFD9}.Debug|x86.ActiveCfg = Debug|Any CPU
		{8630D3FF-1058-44A3-83CC-799DCD0AEFD9}.Debug|x86.Build.0 = Debug|Any CPU
		{8630D3FF-1058-44A3-83CC-799DCD0AEFD9}.Release|Any CPU.ActiveCfg = Release|Any CPU
		{8630D3FF-1058-44A3-83CC-799DCD0AEFD9}.Release|Any CPU.Build.0 = Release|Any CPU
		{8630D3FF-1058-44A3-83CC-799DCD0AEFD9}.Release|x64.ActiveCfg = Release|Any CPU
		{8630D3FF-1058-44A3-83CC-799DCD0AEFD9}.Release|x64.Build.0 = Release|Any CPU
		{8630D3FF-1058-44A3-83CC-799DCD0AEFD9}.Release|x86.ActiveCfg = Release|Any CPU
		{8630D3FF-1058-44A3-83CC-799DCD0AEFD9}.Release|x86.Build.0 = Release|Any CPU
	EndGlobalSection
EndGlobal
